<?xml version="1.0" encoding="utf-8"?>
<Project ToolsVersion="4.0" xmlns="http://schemas.microsoft.com/developer/msbuild/2003">
  <ItemGroup>
    <Filter Include="Source Files">
      <UniqueIdentifier>{4FC737F1-C7A5-4376-A066-2A32D752A2FF}</UniqueIdentifier>
      <Extensions>cpp;c;cc;cxx;def;odl;idl;hpj;bat;asm;asmx</Extensions>
    </Filter>
    <Filter Include="Header Files">
      <UniqueIdentifier>{93995380-89BD-4b04-88EB-625FBE52EBFB}</UniqueIdentifier>
      <Extensions>h;hh;hpp;hxx;hm;inl;inc;xsd</Extensions>
    </Filter>
    <Filter Include="Resource Files">
      <UniqueIdentifier>{67DA6AB6-F800-4c08-8B7A-83BB121AAD01}</UniqueIdentifier>
      <Extensions>rc;ico;cur;bmp;dlg;rc2;rct;bin;rgs;gif;jpg;jpeg;jpe;resx;tiff;tif;png;wav;mfcribbon-ms</Extensions>
    </Filter>
    <Filter Include="Source Files\Utility">
      <UniqueIdentifier>{0430beac-4064-4806-88ce-99a81415eec6}</UniqueIdentifier>
    </Filter>
    <Filter Include="Source Files\Features">
      <UniqueIdentifier>{56508e18-65db-4f1d-84ef-17c25736b9e7}</UniqueIdentifier>
    </Filter>
    <Filter Include="Header Files\Utility">
      <UniqueIdentifier>{b2dfff44-7982-4982-8dc8-f036f31dc8fb}</UniqueIdentifier>
    </Filter>
    <Filter Include="Header Files\Objects">
      <UniqueIdentifier>{f6fc884f-9cc7-49e2-b874-10e5df174284}</UniqueIdentifier>
    </Filter>
    <Filter Include="Source Files\Objects">
      <UniqueIdentifier>{cea3c0b3-9ae4-473b-952f-48ab003c60be}</UniqueIdentifier>
    </Filter>
    <Filter Include="Header Files\Features">
      <UniqueIdentifier>{32dd81b2-6bf1-4eb9-9d9d-04af3fea7628}</UniqueIdentifier>
    </Filter>
    <Filter Include="Header Files\OglUtil">
      <UniqueIdentifier>{5d71fc7c-6888-46b5-ac25-662a9b625e1f}</UniqueIdentifier>
    </Filter>
    <Filter Include="Source Files\OglUtil">
      <UniqueIdentifier>{321970d1-aa73-4f1a-abe1-6a6d6b17f64a}</UniqueIdentifier>
    </Filter>
    <Filter Include="Source Files\Shaders">
      <UniqueIdentifier>{08878a2a-3c8e-4aa8-a8c3-419ed21e662a}</UniqueIdentifier>
    </Filter>
  </ItemGroup>
  <ItemGroup>
    <ClCompile Include="main.cpp">
      <Filter>Source Files</Filter>
    </ClCompile>
    <ClCompile Include="apple.cpp">
      <Filter>Source Files\Objects</Filter>
    </ClCompile>
    <ClCompile Include="my_object.cpp">
      <Filter>Source Files\Objects</Filter>
    </ClCompile>
    <ClCompile Include="fig_proc.cpp">
      <Filter>Source Files\Utility</Filter>
    </ClCompile>
    <ClCompile Include="str_proc.cpp">
      <Filter>Source Files\Utility</Filter>
    </ClCompile>
    <ClCompile Include="feature.cpp">
      <Filter>Source Files\Features</Filter>
    </ClCompile>
    <ClCompile Include="circula_dist.cpp">
      <Filter>Source Files\Features</Filter>
    </ClCompile>
    <ClCompile Include="file_proc.cpp">
      <Filter>Source Files\Utility</Filter>
    </ClCompile>
    <ClCompile Include="bike.cpp">
      <Filter>Source Files\Objects</Filter>
    </ClCompile>
    <ClCompile Include="double_circle.cpp">
      <Filter>Source Files\Features</Filter>
    </ClCompile>
    <ClCompile Include="tree.cpp">
      <Filter>Source Files\Objects</Filter>
    </ClCompile>
    <ClCompile Include="axis.cpp">
      <Filter>Source Files\Features</Filter>
    </ClCompile>
    <ClCompile Include="chick.cpp">
      <Filter>Source Files\Objects</Filter>
    </ClCompile>
    <ClCompile Include="horizon_line.cpp">
      <Filter>Source Files\Features</Filter>
    </ClCompile>
    <ClCompile Include="house.cpp">
      <Filter>Source Files\Objects</Filter>
    </ClCompile>
    <ClCompile Include="shaders.cpp">
      <Filter>Source Files\OglUtil</Filter>
    </ClCompile>
    <ClCompile Include="math_3d.cpp">
      <Filter>Source Files\OglUtil</Filter>
    </ClCompile>
    <ClCompile Include="pipeline.cpp">
      <Filter>Source Files\OglUtil</Filter>
    </ClCompile>
    <ClCompile Include="camera.cpp">
      <Filter>Source Files\OglUtil</Filter>
    </ClCompile>
    <ClCompile Include="glut_backend.cpp">
      <Filter>Source Files\OglUtil</Filter>
    </ClCompile>
    <ClCompile Include="texture.cpp">
      <Filter>Source Files\OglUtil</Filter>
    </ClCompile>
    <ClCompile Include="technique.cpp">
      <Filter>Source Files\OglUtil</Filter>
    </ClCompile>
    <ClCompile Include="lighting_technique.cpp">
      <Filter>Source Files\OglUtil</Filter>
    </ClCompile>
  </ItemGroup>
  <ItemGroup>
    <ClInclude Include="my_object.h">
      <Filter>Header Files\Objects</Filter>
    </ClInclude>
    <ClInclude Include="apple.h">
      <Filter>Header Files\Objects</Filter>
    </ClInclude>
    <ClInclude Include="fig_proc.h">
      <Filter>Header Files\Utility</Filter>
    </ClInclude>
    <ClInclude Include="str_proc.h">
      <Filter>Header Files\Utility</Filter>
    </ClInclude>
    <ClInclude Include="common.h">
      <Filter>Header Files</Filter>
    </ClInclude>
    <ClInclude Include="feature.h">
      <Filter>Header Files\Features</Filter>
    </ClInclude>
    <ClInclude Include="circular_dist.h">
      <Filter>Header Files\Features</Filter>
    </ClInclude>
    <ClInclude Include="file_proc.h">
      <Filter>Header Files\Utility</Filter>
    </ClInclude>
    <ClInclude Include="bike.h">
      <Filter>Header Files\Objects</Filter>
    </ClInclude>
    <ClInclude Include="double_circle.h">
      <Filter>Header Files\Features</Filter>
    </ClInclude>
    <ClInclude Include="tree.h">
      <Filter>Header Files\Objects</Filter>
    </ClInclude>
    <ClInclude Include="axis.h">
      <Filter>Header Files\Features</Filter>
    </ClInclude>
    <ClInclude Include="chick.h">
      <Filter>Header Files\Objects</Filter>
    </ClInclude>
    <ClInclude Include="horizon_line.h">
      <Filter>Header Files\Features</Filter>
    </ClInclude>
    <ClInclude Include="house.h">
      <Filter>Header Files\Objects</Filter>
    </ClInclude>
    <ClInclude Include="math_3d.h">
      <Filter>Header Files\OglUtil</Filter>
    </ClInclude>
    <ClInclude Include="pipeline.h">
      <Filter>Header Files\OglUtil</Filter>
    </ClInclude>
    <ClInclude Include="shaders.h">
      <Filter>Header Files\OglUtil</Filter>
    </ClInclude>
    <ClInclude Include="camera.h">
      <Filter>Header Files\OglUtil</Filter>
    </ClInclude>
    <ClInclude Include="key.h">
      <Filter>Header Files\OglUtil</Filter>
    </ClInclude>
    <ClInclude Include="glut_backend.h">
      <Filter>Header Files\OglUtil</Filter>
    </ClInclude>
    <ClInclude Include="types.h">
      <Filter>Header Files\OglUtil</Filter>
    </ClInclude>
    <ClInclude Include="callbacks.h">
      <Filter>Header Files\OglUtil</Filter>
    </ClInclude>
    <ClInclude Include="texture.h">
      <Filter>Header Files\OglUtil</Filter>
    </ClInclude>
    <ClInclude Include="technique.h">
      <Filter>Header Files\OglUtil</Filter>
    </ClInclude>
    <ClInclude Include="util.h">
      <Filter>Header Files\OglUtil</Filter>
    </ClInclude>
    <ClInclude Include="lighting_technique.h">
      <Filter>Header Files\OglUtil</Filter>
    </ClInclude>
  </ItemGroup>
  <ItemGroup>
    <None Include="packages.config" />
    <None Include="shader.frag">
      <Filter>Source Files\Shaders</Filter>
    </None>
    <None Include="shader.vert">
      <Filter>Source Files\Shaders</Filter>
    </None>
  </ItemGroup>
</Project>